// !$*UTF8*$!
{
	archiveVersion = 1;
	classes = {
	};
	objectVersion = 54;
	objects = {

/* Begin PBXBuildFile section */
		0C80B921A6F3F58F76C31292 /* libPods-TriviaQuizApp.a in Frameworks */ = {isa = PBXBuildFile; fileRef = 5DCACB8F33CDC322A6C60F78 /* libPods-TriviaQuizApp.a */; };
		13B07FBF1A68108700A75B9A /* Images.xcassets in Resources */ = {isa = PBXBuildFile; fileRef = 13B07FB51A68108700A75B9A /* Images.xcassets */; };
		3B96575521AB5FF653CAB38A /* PrivacyInfo.xcprivacy in Resources */ = {isa = PBXBuildFile; fileRef = 13B07FB81A68108700A75B9A /* PrivacyInfo.xcprivacy */; };
		761780ED2CA45674006654EE /* AppDelegate.swift in Sources */ = {isa = PBXBuildFile; fileRef = 761780EC2CA45674006654EE /* AppDelegate.swift */; };
		81AB9BB82411601600AC10FF /* LaunchScreen.storyboard in Resources */ = {isa = PBXBuildFile; fileRef = 81AB9BB72411601600AC10FF /* LaunchScreen.storyboard */; };
		7BD5F8E07F5C4766AB9402C4 /* Gilroy-Black.ttf in Resources */ = {isa = PBXBuildFile; fileRef = 6F204BD0B06E4124AB8C5278 /* Gilroy-Black.ttf */; };
		373E90F8B33D4DDABBFFC7B5 /* Gilroy-BlackItalic.ttf in Resources */ = {isa = PBXBuildFile; fileRef = 6726105A7F614D699EAF9D2F /* Gilroy-BlackItalic.ttf */; };
		715975EC20E1440F963A7060 /* Gilroy-Bold.ttf in Resources */ = {isa = PBXBuildFile; fileRef = E2BE06084C63437C938AD2D4 /* Gilroy-Bold.ttf */; };
		45B242C5F5794A1383EFE535 /* Gilroy-BoldItalic.ttf in Resources */ = {isa = PBXBuildFile; fileRef = 0A0D25E192E9404EADDB95A5 /* Gilroy-BoldItalic.ttf */; };
		0D93BE00639F4D5DA9F09013 /* Gilroy-ExtraBold.ttf in Resources */ = {isa = PBXBuildFile; fileRef = 0A88F75659B8485AA78DDF58 /* Gilroy-ExtraBold.ttf */; };
		0806E77334CC4731ADDC2C1D /* Gilroy-ExtraBoldItalic.ttf in Resources */ = {isa = PBXBuildFile; fileRef = 58C2BE86E0B1498EAB3A4530 /* Gilroy-ExtraBoldItalic.ttf */; };
		E60872A92F634D158DA0D648 /* Gilroy-Heavy.ttf in Resources */ = {isa = PBXBuildFile; fileRef = 587607833D6F44C5A1C36C96 /* Gilroy-Heavy.ttf */; };
		4CC2A08B878249E1B6B0604F /* Gilroy-HeavyItalic.ttf in Resources */ = {isa = PBXBuildFile; fileRef = B8E7B17D88DD419B8B4F50F3 /* Gilroy-HeavyItalic.ttf */; };
		08DC32EF68654091961C9414 /* Gilroy-Light.ttf in Resources */ = {isa = PBXBuildFile; fileRef = DB8FF20086574616A53ABEF5 /* Gilroy-Light.ttf */; };
		1426C26F40EF4E0FA4FF801F /* Gilroy-LightItalic.ttf in Resources */ = {isa = PBXBuildFile; fileRef = 6BB06985A89149AE96864DD3 /* Gilroy-LightItalic.ttf */; };
		08F82392EB044695B9548993 /* Gilroy-Medium.ttf in Resources */ = {isa = PBXBuildFile; fileRef = 5C1585E218954007B2D47F59 /* Gilroy-Medium.ttf */; };
		57FFC6F31A0243A3817DBC37 /* Gilroy-MediumItalic.ttf in Resources */ = {isa = PBXBuildFile; fileRef = 3F487F98320A4239AF20CA01 /* Gilroy-MediumItalic.ttf */; };
		2F6CFC43ED524EAC99D71F77 /* Gilroy-Regular.ttf in Resources */ = {isa = PBXBuildFile; fileRef = 054ECA6970CC4C0C82B2D3BA /* Gilroy-Regular.ttf */; };
		D98E55D3B2974F1FB485BF53 /* Gilroy-RegularItalic.ttf in Resources */ = {isa = PBXBuildFile; fileRef = E35732D20055458DA7193AB8 /* Gilroy-RegularItalic.ttf */; };
		BE0B407529CD4D5DB791E1BA /* Gilroy-SemiBold.ttf in Resources */ = {isa = PBXBuildFile; fileRef = 9F63E6AC57534B859623D1C2 /* Gilroy-SemiBold.ttf */; };
		D757D4BBF93947E7924D15E0 /* Gilroy-SemiBoldItalic.ttf in Resources */ = {isa = PBXBuildFile; fileRef = E2E51DB4E4274A3380454260 /* Gilroy-SemiBoldItalic.ttf */; };
		E5CA56AE1FB64CEEAB771DAF /* Gilroy-Thin.ttf in Resources */ = {isa = PBXBuildFile; fileRef = 4FB8732675974A748FE38AA4 /* Gilroy-Thin.ttf */; };
		A179F410551841E69717CDE9 /* Gilroy-ThinItalic.ttf in Resources */ = {isa = PBXBuildFile; fileRef = 2FFDDFA9F5AE4060B0748A3A /* Gilroy-ThinItalic.ttf */; };
		DAF644B8808A44D6B0C2871F /* Gilroy-UltraLight.ttf in Resources */ = {isa = PBXBuildFile; fileRef = 023865CC68AD4A2688F19072 /* Gilroy-UltraLight.ttf */; };
		628077AB11104E3D879D8286 /* Gilroy-UltraLightItalic.ttf in Resources */ = {isa = PBXBuildFile; fileRef = 562BFB856CE244C5BFDF69DA /* Gilroy-UltraLightItalic.ttf */; };
/* End PBXBuildFile section */

/* Begin PBXFileReference section */
		13B07F961A680F5B00A75B9A /* TriviaQuizApp.app */ = {isa = PBXFileReference; explicitFileType = wrapper.application; includeInIndex = 0; path = TriviaQuizApp.app; sourceTree = BUILT_PRODUCTS_DIR; };
		13B07FB51A68108700A75B9A /* Images.xcassets */ = {isa = PBXFileReference; lastKnownFileType = folder.assetcatalog; name = Images.xcassets; path = TriviaQuizApp/Images.xcassets; sourceTree = "<group>"; };
		13B07FB61A68108700A75B9A /* Info.plist */ = {isa = PBXFileReference; fileEncoding = 4; lastKnownFileType = text.plist.xml; name = Info.plist; path = TriviaQuizApp/Info.plist; sourceTree = "<group>"; };
		13B07FB81A68108700A75B9A /* PrivacyInfo.xcprivacy */ = {isa = PBXFileReference; fileEncoding = 4; lastKnownFileType = text.plist.xml; name = PrivacyInfo.xcprivacy; path = TriviaQuizApp/PrivacyInfo.xcprivacy; sourceTree = "<group>"; };
		3B4392A12AC88292D35C810B /* Pods-TriviaQuizApp.debug.xcconfig */ = {isa = PBXFileReference; includeInIndex = 1; lastKnownFileType = text.xcconfig; name = "Pods-TriviaQuizApp.debug.xcconfig"; path = "Target Support Files/Pods-TriviaQuizApp/Pods-TriviaQuizApp.debug.xcconfig"; sourceTree = "<group>"; };
		5709B34CF0A7D63546082F79 /* Pods-TriviaQuizApp.release.xcconfig */ = {isa = PBXFileReference; includeInIndex = 1; lastKnownFileType = text.xcconfig; name = "Pods-TriviaQuizApp.release.xcconfig"; path = "Target Support Files/Pods-TriviaQuizApp/Pods-TriviaQuizApp.release.xcconfig"; sourceTree = "<group>"; };
		5DCACB8F33CDC322A6C60F78 /* libPods-TriviaQuizApp.a */ = {isa = PBXFileReference; explicitFileType = archive.ar; includeInIndex = 0; path = "libPods-TriviaQuizApp.a"; sourceTree = BUILT_PRODUCTS_DIR; };
		761780EC2CA45674006654EE /* AppDelegate.swift */ = {isa = PBXFileReference; lastKnownFileType = sourcecode.swift; name = AppDelegate.swift; path = TriviaQuizApp/AppDelegate.swift; sourceTree = "<group>"; };
		81AB9BB72411601600AC10FF /* LaunchScreen.storyboard */ = {isa = PBXFileReference; fileEncoding = 4; lastKnownFileType = file.storyboard; name = LaunchScreen.storyboard; path = TriviaQuizApp/LaunchScreen.storyboard; sourceTree = "<group>"; };
		ED297162215061F000B7C4FE /* JavaScriptCore.framework */ = {isa = PBXFileReference; lastKnownFileType = wrapper.framework; name = JavaScriptCore.framework; path = System/Library/Frameworks/JavaScriptCore.framework; sourceTree = SDKROOT; };
		6F204BD0B06E4124AB8C5278 /* Gilroy-Black.ttf */ = {isa = PBXFileReference; name = "Gilroy-Black.ttf"; path = "../src/assets/fonts/Gilroy-Black.ttf"; sourceTree = "<group>"; fileEncoding = undefined; lastKnownFileType = unknown; explicitFileType = undefined; includeInIndex = 0; };
		6726105A7F614D699EAF9D2F /* Gilroy-BlackItalic.ttf */ = {isa = PBXFileReference; name = "Gilroy-BlackItalic.ttf"; path = "../src/assets/fonts/Gilroy-BlackItalic.ttf"; sourceTree = "<group>"; fileEncoding = undefined; lastKnownFileType = unknown; explicitFileType = undefined; includeInIndex = 0; };
		E2BE06084C63437C938AD2D4 /* Gilroy-Bold.ttf */ = {isa = PBXFileReference; name = "Gilroy-Bold.ttf"; path = "../src/assets/fonts/Gilroy-Bold.ttf"; sourceTree = "<group>"; fileEncoding = undefined; lastKnownFileType = unknown; explicitFileType = undefined; includeInIndex = 0; };
		0A0D25E192E9404EADDB95A5 /* Gilroy-BoldItalic.ttf */ = {isa = PBXFileReference; name = "Gilroy-BoldItalic.ttf"; path = "../src/assets/fonts/Gilroy-BoldItalic.ttf"; sourceTree = "<group>"; fileEncoding = undefined; lastKnownFileType = unknown; explicitFileType = undefined; includeInIndex = 0; };
		0A88F75659B8485AA78DDF58 /* Gilroy-ExtraBold.ttf */ = {isa = PBXFileReference; name = "Gilroy-ExtraBold.ttf"; path = "../src/assets/fonts/Gilroy-ExtraBold.ttf"; sourceTree = "<group>"; fileEncoding = undefined; lastKnownFileType = unknown; explicitFileType = undefined; includeInIndex = 0; };
		58C2BE86E0B1498EAB3A4530 /* Gilroy-ExtraBoldItalic.ttf */ = {isa = PBXFileReference; name = "Gilroy-ExtraBoldItalic.ttf"; path = "../src/assets/fonts/Gilroy-ExtraBoldItalic.ttf"; sourceTree = "<group>"; fileEncoding = undefined; lastKnownFileType = unknown; explicitFileType = undefined; includeInIndex = 0; };
		587607833D6F44C5A1C36C96 /* Gilroy-Heavy.ttf */ = {isa = PBXFileReference; name = "Gilroy-Heavy.ttf"; path = "../src/assets/fonts/Gilroy-Heavy.ttf"; sourceTree = "<group>"; fileEncoding = undefined; lastKnownFileType = unknown; explicitFileType = undefined; includeInIndex = 0; };
		B8E7B17D88DD419B8B4F50F3 /* Gilroy-HeavyItalic.ttf */ = {isa = PBXFileReference; name = "Gilroy-HeavyItalic.ttf"; path = "../src/assets/fonts/Gilroy-HeavyItalic.ttf"; sourceTree = "<group>"; fileEncoding = undefined; lastKnownFileType = unknown; explicitFileType = undefined; includeInIndex = 0; };
		DB8FF20086574616A53ABEF5 /* Gilroy-Light.ttf */ = {isa = PBXFileReference; name = "Gilroy-Light.ttf"; path = "../src/assets/fonts/Gilroy-Light.ttf"; sourceTree = "<group>"; fileEncoding = undefined; lastKnownFileType = unknown; explicitFileType = undefined; includeInIndex = 0; };
		6BB06985A89149AE96864DD3 /* Gilroy-LightItalic.ttf */ = {isa = PBXFileReference; name = "Gilroy-LightItalic.ttf"; path = "../src/assets/fonts/Gilroy-LightItalic.ttf"; sourceTree = "<group>"; fileEncoding = undefined; lastKnownFileType = unknown; explicitFileType = undefined; includeInIndex = 0; };
		5C1585E218954007B2D47F59 /* Gilroy-Medium.ttf */ = {isa = PBXFileReference; name = "Gilroy-Medium.ttf"; path = "../src/assets/fonts/Gilroy-Medium.ttf"; sourceTree = "<group>"; fileEncoding = undefined; lastKnownFileType = unknown; explicitFileType = undefined; includeInIndex = 0; };
		3F487F98320A4239AF20CA01 /* Gilroy-MediumItalic.ttf */ = {isa = PBXFileReference; name = "Gilroy-MediumItalic.ttf"; path = "../src/assets/fonts/Gilroy-MediumItalic.ttf"; sourceTree = "<group>"; fileEncoding = undefined; lastKnownFileType = unknown; explicitFileType = undefined; includeInIndex = 0; };
		054ECA6970CC4C0C82B2D3BA /* Gilroy-Regular.ttf */ = {isa = PBXFileReference; name = "Gilroy-Regular.ttf"; path = "../src/assets/fonts/Gilroy-Regular.ttf"; sourceTree = "<group>"; fileEncoding = undefined; lastKnownFileType = unknown; explicitFileType = undefined; includeInIndex = 0; };
		E35732D20055458DA7193AB8 /* Gilroy-RegularItalic.ttf */ = {isa = PBXFileReference; name = "Gilroy-RegularItalic.ttf"; path = "../src/assets/fonts/Gilroy-RegularItalic.ttf"; sourceTree = "<group>"; fileEncoding = undefined; lastKnownFileType = unknown; explicitFileType = undefined; includeInIndex = 0; };
		9F63E6AC57534B859623D1C2 /* Gilroy-SemiBold.ttf */ = {isa = PBXFileReference; name = "Gilroy-SemiBold.ttf"; path = "../src/assets/fonts/Gilroy-SemiBold.ttf"; sourceTree = "<group>"; fileEncoding = undefined; lastKnownFileType = unknown; explicitFileType = undefined; includeInIndex = 0; };
		E2E51DB4E4274A3380454260 /* Gilroy-SemiBoldItalic.ttf */ = {isa = PBXFileReference; name = "Gilroy-SemiBoldItalic.ttf"; path = "../src/assets/fonts/Gilroy-SemiBoldItalic.ttf"; sourceTree = "<group>"; fileEncoding = undefined; lastKnownFileType = unknown; explicitFileType = undefined; includeInIndex = 0; };
		4FB8732675974A748FE38AA4 /* Gilroy-Thin.ttf */ = {isa = PBXFileReference; name = "Gilroy-Thin.ttf"; path = "../src/assets/fonts/Gilroy-Thin.ttf"; sourceTree = "<group>"; fileEncoding = undefined; lastKnownFileType = unknown; explicitFileType = undefined; includeInIndex = 0; };
		2FFDDFA9F5AE4060B0748A3A /* Gilroy-ThinItalic.ttf */ = {isa = PBXFileReference; name = "Gilroy-ThinItalic.ttf"; path = "../src/assets/fonts/Gilroy-ThinItalic.ttf"; sourceTree = "<group>"; fileEncoding = undefined; lastKnownFileType = unknown; explicitFileType = undefined; includeInIndex = 0; };
		023865CC68AD4A2688F19072 /* Gilroy-UltraLight.ttf */ = {isa = PBXFileReference; name = "Gilroy-UltraLight.ttf"; path = "../src/assets/fonts/Gilroy-UltraLight.ttf"; sourceTree = "<group>"; fileEncoding = undefined; lastKnownFileType = unknown; explicitFileType = undefined; includeInIndex = 0; };
		562BFB856CE244C5BFDF69DA /* Gilroy-UltraLightItalic.ttf */ = {isa = PBXFileReference; name = "Gilroy-UltraLightItalic.ttf"; path = "../src/assets/fonts/Gilroy-UltraLightItalic.ttf"; sourceTree = "<group>"; fileEncoding = undefined; lastKnownFileType = unknown; explicitFileType = undefined; includeInIndex = 0; };
/* End PBXFileReference section */

/* Begin PBXFrameworksBuildPhase section */
		13B07F8C1A680F5B00A75B9A /* Frameworks */ = {
			isa = PBXFrameworksBuildPhase;
			buildActionMask = 2147483647;
			files = (
				0C80B921A6F3F58F76C31292 /* libPods-TriviaQuizApp.a in Frameworks */,
			);
			runOnlyForDeploymentPostprocessing = 0;
		};
/* End PBXFrameworksBuildPhase section */

/* Begin PBXGroup section */
		13B07FAE1A68108700A75B9A /* TriviaQuizApp */ = {
			isa = PBXGroup;
			children = (
				13B07FB51A68108700A75B9A /* Images.xcassets */,
				761780EC2CA45674006654EE /* AppDelegate.swift */,
				13B07FB61A68108700A75B9A /* Info.plist */,
				81AB9BB72411601600AC10FF /* LaunchScreen.storyboard */,
				13B07FB81A68108700A75B9A /* PrivacyInfo.xcprivacy */,
			);
			name = TriviaQuizApp;
			sourceTree = "<group>";
		};
		2D16E6871FA4F8E400B85C8A /* Frameworks */ = {
			isa = PBXGroup;
			children = (
				ED297162215061F000B7C4FE /* JavaScriptCore.framework */,
				5DCACB8F33CDC322A6C60F78 /* libPods-TriviaQuizApp.a */,
			);
			name = Frameworks;
			sourceTree = "<group>";
		};
		832341AE1AAA6A7D00B99B32 /* Libraries */ = {
			isa = PBXGroup;
			children = (
			);
			name = Libraries;
			sourceTree = "<group>";
		};
		83CBB9F61A601CBA00E9B192 = {
			isa = PBXGroup;
			children = (
				13B07FAE1A68108700A75B9A /* TriviaQuizApp */,
				832341AE1AAA6A7D00B99B32 /* Libraries */,
				83CBBA001A601CBA00E9B192 /* Products */,
				2D16E6871FA4F8E400B85C8A /* Frameworks */,
				BBD78D7AC51CEA395F1C20DB /* Pods */,
				BFA22C13BEA348B88C215EDE /* Resources */,
			);
			indentWidth = 2;
			sourceTree = "<group>";
			tabWidth = 2;
			usesTabs = 0;
		};
		83CBBA001A601CBA00E9B192 /* Products */ = {
			isa = PBXGroup;
			children = (
				13B07F961A680F5B00A75B9A /* TriviaQuizApp.app */,
			);
			name = Products;
			sourceTree = "<group>";
		};
		BBD78D7AC51CEA395F1C20DB /* Pods */ = {
			isa = PBXGroup;
			children = (
				3B4392A12AC88292D35C810B /* Pods-TriviaQuizApp.debug.xcconfig */,
				5709B34CF0A7D63546082F79 /* Pods-TriviaQuizApp.release.xcconfig */,
			);
			path = Pods;
			sourceTree = "<group>";
		};
		BFA22C13BEA348B88C215EDE /* Resources */ = {
			isa = "PBXGroup";
			children = (
				6F204BD0B06E4124AB8C5278 /* Gilroy-Black.ttf */,
				6726105A7F614D699EAF9D2F /* Gilroy-BlackItalic.ttf */,
				E2BE06084C63437C938AD2D4 /* Gilroy-Bold.ttf */,
				0A0D25E192E9404EADDB95A5 /* Gilroy-BoldItalic.ttf */,
				0A88F75659B8485AA78DDF58 /* Gilroy-ExtraBold.ttf */,
				58C2BE86E0B1498EAB3A4530 /* Gilroy-ExtraBoldItalic.ttf */,
				587607833D6F44C5A1C36C96 /* Gilroy-Heavy.ttf */,
				B8E7B17D88DD419B8B4F50F3 /* Gilroy-HeavyItalic.ttf */,
				DB8FF20086574616A53ABEF5 /* Gilroy-Light.ttf */,
				6BB06985A89149AE96864DD3 /* Gilroy-LightItalic.ttf */,
				5C1585E218954007B2D47F59 /* Gilroy-Medium.ttf */,
				3F487F98320A4239AF20CA01 /* Gilroy-MediumItalic.ttf */,
				054ECA6970CC4C0C82B2D3BA /* Gilroy-Regular.ttf */,
				E35732D20055458DA7193AB8 /* Gilroy-RegularItalic.ttf */,
				9F63E6AC57534B859623D1C2 /* Gilroy-SemiBold.ttf */,
				E2E51DB4E4274A3380454260 /* Gilroy-SemiBoldItalic.ttf */,
				4FB8732675974A748FE38AA4 /* Gilroy-Thin.ttf */,
				2FFDDFA9F5AE4060B0748A3A /* Gilroy-ThinItalic.ttf */,
				023865CC68AD4A2688F19072 /* Gilroy-UltraLight.ttf */,
				562BFB856CE244C5BFDF69DA /* Gilroy-UltraLightItalic.ttf */,
			);
			name = Resources;
			sourceTree = "<group>";
			path = "";
		};
/* End PBXGroup section */

/* Begin PBXNativeTarget section */
		13B07F861A680F5B00A75B9A /* TriviaQuizApp */ = {
			isa = PBXNativeTarget;
			buildConfigurationList = 13B07F931A680F5B00A75B9A /* Build configuration list for PBXNativeTarget "TriviaQuizApp" */;
			buildPhases = (
				C38B50BA6285516D6DCD4F65 /* [CP] Check Pods Manifest.lock */,
				13B07F871A680F5B00A75B9A /* Sources */,
				13B07F8C1A680F5B00A75B9A /* Frameworks */,
				13B07F8E1A680F5B00A75B9A /* Resources */,
				00DD1BFF1BD5951E006B06BC /* Bundle React Native code and images */,
				00EEFC60759A1932668264C0 /* [CP] Embed Pods Frameworks */,
				E235C05ADACE081382539298 /* [CP] Copy Pods Resources */,
			);
			buildRules = (
			);
			dependencies = (
			);
			name = TriviaQuizApp;
			productName = TriviaQuizApp;
			productReference = 13B07F961A680F5B00A75B9A /* TriviaQuizApp.app */;
			productType = "com.apple.product-type.application";
		};
/* End PBXNativeTarget section */

/* Begin PBXProject section */
		83CBB9F71A601CBA00E9B192 /* Project object */ = {
			isa = PBXProject;
			attributes = {
				LastUpgradeCheck = 1210;
				TargetAttributes = {
					13B07F861A680F5B00A75B9A = {
						LastSwiftMigration = 1120;
					};
				};
			};
			buildConfigurationList = 83CBB9FA1A601CBA00E9B192 /* Build configuration list for PBXProject "TriviaQuizApp" */;
			compatibilityVersion = "Xcode 12.0";
			developmentRegion = en;
			hasScannedForEncodings = 0;
			knownRegions = (
				en,
				Base,
			);
			mainGroup = 83CBB9F61A601CBA00E9B192;
			productRefGroup = 83CBBA001A601CBA00E9B192 /* Products */;
			projectDirPath = "";
			projectRoot = "";
			targets = (
				13B07F861A680F5B00A75B9A /* TriviaQuizApp */,
			);
		};
/* End PBXProject section */

/* Begin PBXResourcesBuildPhase section */
		13B07F8E1A680F5B00A75B9A /* Resources */ = {
			isa = PBXResourcesBuildPhase;
			buildActionMask = 2147483647;
			files = (
				81AB9BB82411601600AC10FF /* LaunchScreen.storyboard in Resources */,
				13B07FBF1A68108700A75B9A /* Images.xcassets in Resources */,
				3B96575521AB5FF653CAB38A /* PrivacyInfo.xcprivacy in Resources */,
				7BD5F8E07F5C4766AB9402C4 /* Gilroy-Black.ttf in Resources */,
				373E90F8B33D4DDABBFFC7B5 /* Gilroy-BlackItalic.ttf in Resources */,
				715975EC20E1440F963A7060 /* Gilroy-Bold.ttf in Resources */,
				45B242C5F5794A1383EFE535 /* Gilroy-BoldItalic.ttf in Resources */,
				0D93BE00639F4D5DA9F09013 /* Gilroy-ExtraBold.ttf in Resources */,
				0806E77334CC4731ADDC2C1D /* Gilroy-ExtraBoldItalic.ttf in Resources */,
				E60872A92F634D158DA0D648 /* Gilroy-Heavy.ttf in Resources */,
				4CC2A08B878249E1B6B0604F /* Gilroy-HeavyItalic.ttf in Resources */,
				08DC32EF68654091961C9414 /* Gilroy-Light.ttf in Resources */,
				1426C26F40EF4E0FA4FF801F /* Gilroy-LightItalic.ttf in Resources */,
				08F82392EB044695B9548993 /* Gilroy-Medium.ttf in Resources */,
				57FFC6F31A0243A3817DBC37 /* Gilroy-MediumItalic.ttf in Resources */,
				2F6CFC43ED524EAC99D71F77 /* Gilroy-Regular.ttf in Resources */,
				D98E55D3B2974F1FB485BF53 /* Gilroy-RegularItalic.ttf in Resources */,
				BE0B407529CD4D5DB791E1BA /* Gilroy-SemiBold.ttf in Resources */,
				D757D4BBF93947E7924D15E0 /* Gilroy-SemiBoldItalic.ttf in Resources */,
				E5CA56AE1FB64CEEAB771DAF /* Gilroy-Thin.ttf in Resources */,
				A179F410551841E69717CDE9 /* Gilroy-ThinItalic.ttf in Resources */,
				DAF644B8808A44D6B0C2871F /* Gilroy-UltraLight.ttf in Resources */,
				628077AB11104E3D879D8286 /* Gilroy-UltraLightItalic.ttf in Resources */,
			);
			runOnlyForDeploymentPostprocessing = 0;
		};
/* End PBXResourcesBuildPhase section */

/* Begin PBXShellScriptBuildPhase section */
		00DD1BFF1BD5951E006B06BC /* Bundle React Native code and images */ = {
			isa = PBXShellScriptBuildPhase;
			buildActionMask = 2147483647;
			files = (
			);
			inputPaths = (
				"$(SRCROOT)/.xcode.env.local",
				"$(SRCROOT)/.xcode.env",
			);
			name = "Bundle React Native code and images";
			outputPaths = (
			);
			runOnlyForDeploymentPostprocessing = 0;
			shellPath = /bin/sh;
			shellScript = "set -e\n\nWITH_ENVIRONMENT=\"$REACT_NATIVE_PATH/scripts/xcode/with-environment.sh\"\nREACT_NATIVE_XCODE=\"$REACT_NATIVE_PATH/scripts/react-native-xcode.sh\"\n\n/bin/sh -c \"$WITH_ENVIRONMENT $REACT_NATIVE_XCODE\"\n";
		};
		00EEFC60759A1932668264C0 /* [CP] Embed Pods Frameworks */ = {
			isa = PBXShellScriptBuildPhase;
			buildActionMask = 2147483647;
			files = (
			);
			inputFileListPaths = (
				"${PODS_ROOT}/Target Support Files/Pods-TriviaQuizApp/Pods-TriviaQuizApp-frameworks-${CONFIGURATION}-input-files.xcfilelist",
			);
			name = "[CP] Embed Pods Frameworks";
			outputFileListPaths = (
				"${PODS_ROOT}/Target Support Files/Pods-TriviaQuizApp/Pods-TriviaQuizApp-frameworks-${CONFIGURATION}-output-files.xcfilelist",
			);
			runOnlyForDeploymentPostprocessing = 0;
			shellPath = /bin/sh;
			shellScript = "\"${PODS_ROOT}/Target Support Files/Pods-TriviaQuizApp/Pods-TriviaQuizApp-frameworks.sh\"\n";
			showEnvVarsInLog = 0;
		};
		C38B50BA6285516D6DCD4F65 /* [CP] Check Pods Manifest.lock */ = {
			isa = PBXShellScriptBuildPhase;
			buildActionMask = 2147483647;
			files = (
			);
			inputFileListPaths = (
			);
			inputPaths = (
				"${PODS_PODFILE_DIR_PATH}/Podfile.lock",
				"${PODS_ROOT}/Manifest.lock",
			);
			name = "[CP] Check Pods Manifest.lock";
			outputFileListPaths = (
			);
			outputPaths = (
				"$(DERIVED_FILE_DIR)/Pods-TriviaQuizApp-checkManifestLockResult.txt",
			);
			runOnlyForDeploymentPostprocessing = 0;
			shellPath = /bin/sh;
			shellScript = "diff \"${PODS_PODFILE_DIR_PATH}/Podfile.lock\" \"${PODS_ROOT}/Manifest.lock\" > /dev/null\nif [ $? != 0 ] ; then\n    # print error to STDERR\n    echo \"error: The sandbox is not in sync with the Podfile.lock. Run 'pod install' or update your CocoaPods installation.\" >&2\n    exit 1\nfi\n# This output is used by Xcode 'outputs' to avoid re-running this script phase.\necho \"SUCCESS\" > \"${SCRIPT_OUTPUT_FILE_0}\"\n";
			showEnvVarsInLog = 0;
		};
		E235C05ADACE081382539298 /* [CP] Copy Pods Resources */ = {
			isa = PBXShellScriptBuildPhase;
			buildActionMask = 2147483647;
			files = (
			);
			inputFileListPaths = (
				"${PODS_ROOT}/Target Support Files/Pods-TriviaQuizApp/Pods-TriviaQuizApp-resources-${CONFIGURATION}-input-files.xcfilelist",
			);
			name = "[CP] Copy Pods Resources";
			outputFileListPaths = (
				"${PODS_ROOT}/Target Support Files/Pods-TriviaQuizApp/Pods-TriviaQuizApp-resources-${CONFIGURATION}-output-files.xcfilelist",
			);
			runOnlyForDeploymentPostprocessing = 0;
			shellPath = /bin/sh;
			shellScript = "\"${PODS_ROOT}/Target Support Files/Pods-TriviaQuizApp/Pods-TriviaQuizApp-resources.sh\"\n";
			showEnvVarsInLog = 0;
		};
/* End PBXShellScriptBuildPhase section */

/* Begin PBXSourcesBuildPhase section */
		13B07F871A680F5B00A75B9A /* Sources */ = {
			isa = PBXSourcesBuildPhase;
			buildActionMask = 2147483647;
			files = (
				761780ED2CA45674006654EE /* AppDelegate.swift in Sources */,
			);
			runOnlyForDeploymentPostprocessing = 0;
		};
/* End PBXSourcesBuildPhase section */

/* Begin XCBuildConfiguration section */
		13B07F941A680F5B00A75B9A /* Debug */ = {
			isa = XCBuildConfiguration;
			baseConfigurationReference = 3B4392A12AC88292D35C810B /* Pods-TriviaQuizApp.debug.xcconfig */;
			buildSettings = {
				ASSETCATALOG_COMPILER_APPICON_NAME = AppIcon;
				CLANG_ENABLE_MODULES = YES;
				CURRENT_PROJECT_VERSION = 1;
				ENABLE_BITCODE = NO;
				INFOPLIST_FILE = TriviaQuizApp/Info.plist;
				IPHONEOS_DEPLOYMENT_TARGET = 15.1;
				LD_RUNPATH_SEARCH_PATHS = (
					"$(inherited)",
					"@executable_path/Frameworks",
				);
				MARKETING_VERSION = 1.0;
				OTHER_LDFLAGS = (
					"$(inherited)",
					"-ObjC",
					"-lc++",
				);
				PRODUCT_BUNDLE_IDENTIFIER = "org.reactjs.native.example.$(PRODUCT_NAME:rfc1034identifier)";
				PRODUCT_NAME = TriviaQuizApp;
				SWIFT_OPTIMIZATION_LEVEL = "-Onone";
				SWIFT_VERSION = 5.0;
				VERSIONING_SYSTEM = "apple-generic";
			};
			name = Debug;
		};
		13B07F951A680F5B00A75B9A /* Release */ = {
			isa = XCBuildConfiguration;
			baseConfigurationReference = 5709B34CF0A7D63546082F79 /* Pods-TriviaQuizApp.release.xcconfig */;
			buildSettings = {
				ASSETCATALOG_COMPILER_APPICON_NAME = AppIcon;
				CLANG_ENABLE_MODULES = YES;
				CURRENT_PROJECT_VERSION = 1;
				INFOPLIST_FILE = TriviaQuizApp/Info.plist;
				IPHONEOS_DEPLOYMENT_TARGET = 15.1;
				LD_RUNPATH_SEARCH_PATHS = (
					"$(inherited)",
					"@executable_path/Frameworks",
				);
				MARKETING_VERSION = 1.0;
				OTHER_LDFLAGS = (
					"$(inherited)",
					"-ObjC",
					"-lc++",
				);
				PRODUCT_BUNDLE_IDENTIFIER = "org.reactjs.native.example.$(PRODUCT_NAME:rfc1034identifier)";
				PRODUCT_NAME = TriviaQuizApp;
				SWIFT_VERSION = 5.0;
				VERSIONING_SYSTEM = "apple-generic";
			};
			name = Release;
		};
		83CBBA201A601CBA00E9B192 /* Debug */ = {
			isa = XCBuildConfiguration;
			buildSettings = {
				ALWAYS_SEARCH_USER_PATHS = NO;
				CLANG_ANALYZER_LOCALIZABILITY_NONLOCALIZED = YES;
				CLANG_CXX_LANGUAGE_STANDARD = "c++20";
				CLANG_CXX_LIBRARY = "libc++";
				CLANG_ENABLE_MODULES = YES;
				CLANG_ENABLE_OBJC_ARC = YES;
				CLANG_WARN_BLOCK_CAPTURE_AUTORELEASING = YES;
				CLANG_WARN_BOOL_CONVERSION = YES;
				CLANG_WARN_COMMA = YES;
				CLANG_WARN_CONSTANT_CONVERSION = YES;
				CLANG_WARN_DEPRECATED_OBJC_IMPLEMENTATIONS = YES;
				CLANG_WARN_DIRECT_OBJC_ISA_USAGE = YES_ERROR;
				CLANG_WARN_EMPTY_BODY = YES;
				CLANG_WARN_ENUM_CONVERSION = YES;
				CLANG_WARN_INFINITE_RECURSION = YES;
				CLANG_WARN_INT_CONVERSION = YES;
				CLANG_WARN_NON_LITERAL_NULL_CONVERSION = YES;
				CLANG_WARN_OBJC_IMPLICIT_RETAIN_SELF = YES;
				CLANG_WARN_OBJC_LITERAL_CONVERSION = YES;
				CLANG_WARN_OBJC_ROOT_CLASS = YES_ERROR;
				CLANG_WARN_QUOTED_INCLUDE_IN_FRAMEWORK_HEADER = YES;
				CLANG_WARN_RANGE_LOOP_ANALYSIS = YES;
				CLANG_WARN_STRICT_PROTOTYPES = YES;
				CLANG_WARN_SUSPICIOUS_MOVE = YES;
				CLANG_WARN_UNREACHABLE_CODE = YES;
				CLANG_WARN__DUPLICATE_METHOD_MATCH = YES;
				"CODE_SIGN_IDENTITY[sdk=iphoneos*]" = "iPhone Developer";
				COPY_PHASE_STRIP = NO;
				ENABLE_STRICT_OBJC_MSGSEND = YES;
				ENABLE_TESTABILITY = YES;
				"EXCLUDED_ARCHS[sdk=iphonesimulator*]" = "";
				GCC_C_LANGUAGE_STANDARD = gnu99;
				GCC_DYNAMIC_NO_PIC = NO;
				GCC_NO_COMMON_BLOCKS = YES;
				GCC_OPTIMIZATION_LEVEL = 0;
				GCC_PREPROCESSOR_DEFINITIONS = (
					"DEBUG=1",
					"$(inherited)",
				);
				GCC_SYMBOLS_PRIVATE_EXTERN = NO;
				GCC_WARN_64_TO_32_BIT_CONVERSION = YES;
				GCC_WARN_ABOUT_RETURN_TYPE = YES_ERROR;
				GCC_WARN_UNDECLARED_SELECTOR = YES;
				GCC_WARN_UNINITIALIZED_AUTOS = YES_AGGRESSIVE;
				GCC_WARN_UNUSED_FUNCTION = YES;
				GCC_WARN_UNUSED_VARIABLE = YES;
				IPHONEOS_DEPLOYMENT_TARGET = 15.1;
				LD_RUNPATH_SEARCH_PATHS = (
					/usr/lib/swift,
					"$(inherited)",
				);
				LIBRARY_SEARCH_PATHS = (
					"\"$(SDKROOT)/usr/lib/swift\"",
					"\"$(TOOLCHAIN_DIR)/usr/lib/swift/$(PLATFORM_NAME)\"",
					"\"$(inherited)\"",
				);
				MTL_ENABLE_DEBUG_INFO = YES;
				ONLY_ACTIVE_ARCH = YES;
				OTHER_CPLUSPLUSFLAGS = (
					"$(OTHER_CFLAGS)",
					"-DFOLLY_NO_CONFIG",
					"-DFOLLY_MOBILE=1",
					"-DFOLLY_USE_LIBCPP=1",
					"-DFOLLY_CFG_NO_COROUTINES=1",
					"-DFOLLY_HAVE_CLOCK_GETTIME=1",
				);
				OTHER_LDFLAGS = (
					"$(inherited)",
					" ",
				);
				REACT_NATIVE_PATH = "${PODS_ROOT}/../../node_modules/react-native";
				SDKROOT = iphoneos;
				SWIFT_ACTIVE_COMPILATION_CONDITIONS = "$(inherited) DEBUG";
				USE_HERMES = true;
			};
			name = Debug;
		};
		83CBBA211A601CBA00E9B192 /* Release */ = {
			isa = XCBuildConfiguration;
			buildSettings = {
				ALWAYS_SEARCH_USER_PATHS = NO;
				CLANG_ANALYZER_LOCALIZABILITY_NONLOCALIZED = YES;
				CLANG_CXX_LANGUAGE_STANDARD = "c++20";
				CLANG_CXX_LIBRARY = "libc++";
				CLANG_ENABLE_MODULES = YES;
				CLANG_ENABLE_OBJC_ARC = YES;
				CLANG_WARN_BLOCK_CAPTURE_AUTORELEASING = YES;
				CLANG_WARN_BOOL_CONVERSION = YES;
				CLANG_WARN_COMMA = YES;
				CLANG_WARN_CONSTANT_CONVERSION = YES;
				CLANG_WARN_DEPRECATED_OBJC_IMPLEMENTATIONS = YES;
				CLANG_WARN_DIRECT_OBJC_ISA_USAGE = YES_ERROR;
				CLANG_WARN_EMPTY_BODY = YES;
				CLANG_WARN_ENUM_CONVERSION = YES;
				CLANG_WARN_INFINITE_RECURSION = YES;
				CLANG_WARN_INT_CONVERSION = YES;
				CLANG_WARN_NON_LITERAL_NULL_CONVERSION = YES;
				CLANG_WARN_OBJC_IMPLICIT_RETAIN_SELF = YES;
				CLANG_WARN_OBJC_LITERAL_CONVERSION = YES;
				CLANG_WARN_OBJC_ROOT_CLASS = YES_ERROR;
				CLANG_WARN_QUOTED_INCLUDE_IN_FRAMEWORK_HEADER = YES;
				CLANG_WARN_RANGE_LOOP_ANALYSIS = YES;
				CLANG_WARN_STRICT_PROTOTYPES = YES;
				CLANG_WARN_SUSPICIOUS_MOVE = YES;
				CLANG_WARN_UNREACHABLE_CODE = YES;
				CLANG_WARN__DUPLICATE_METHOD_MATCH = YES;
				"CODE_SIGN_IDENTITY[sdk=iphoneos*]" = "iPhone Developer";
				COPY_PHASE_STRIP = YES;
				ENABLE_NS_ASSERTIONS = NO;
				ENABLE_STRICT_OBJC_MSGSEND = YES;
				"EXCLUDED_ARCHS[sdk=iphonesimulator*]" = "";
				GCC_C_LANGUAGE_STANDARD = gnu99;
				GCC_NO_COMMON_BLOCKS = YES;
				GCC_WARN_64_TO_32_BIT_CONVERSION = YES;
				GCC_WARN_ABOUT_RETURN_TYPE = YES_ERROR;
				GCC_WARN_UNDECLARED_SELECTOR = YES;
				GCC_WARN_UNINITIALIZED_AUTOS = YES_AGGRESSIVE;
				GCC_WARN_UNUSED_FUNCTION = YES;
				GCC_WARN_UNUSED_VARIABLE = YES;
				IPHONEOS_DEPLOYMENT_TARGET = 15.1;
				LD_RUNPATH_SEARCH_PATHS = (
					/usr/lib/swift,
					"$(inherited)",
				);
				LIBRARY_SEARCH_PATHS = (
					"\"$(SDKROOT)/usr/lib/swift\"",
					"\"$(TOOLCHAIN_DIR)/usr/lib/swift/$(PLATFORM_NAME)\"",
					"\"$(inherited)\"",
				);
				MTL_ENABLE_DEBUG_INFO = NO;
				OTHER_CPLUSPLUSFLAGS = (
					"$(OTHER_CFLAGS)",
					"-DFOLLY_NO_CONFIG",
					"-DFOLLY_MOBILE=1",
					"-DFOLLY_USE_LIBCPP=1",
					"-DFOLLY_CFG_NO_COROUTINES=1",
					"-DFOLLY_HAVE_CLOCK_GETTIME=1",
				);
				OTHER_LDFLAGS = (
					"$(inherited)",
					" ",
				);
				REACT_NATIVE_PATH = "${PODS_ROOT}/../../node_modules/react-native";
				SDKROOT = iphoneos;
				USE_HERMES = true;
				VALIDATE_PRODUCT = YES;
			};
			name = Release;
		};
/* End XCBuildConfiguration section */

/* Begin XCConfigurationList section */
		13B07F931A680F5B00A75B9A /* Build configuration list for PBXNativeTarget "TriviaQuizApp" */ = {
			isa = XCConfigurationList;
			buildConfigurations = (
				13B07F941A680F5B00A75B9A /* Debug */,
				13B07F951A680F5B00A75B9A /* Release */,
			);
			defaultConfigurationIsVisible = 0;
			defaultConfigurationName = Release;
		};
		83CBB9FA1A601CBA00E9B192 /* Build configuration list for PBXProject "TriviaQuizApp" */ = {
			isa = XCConfigurationList;
			buildConfigurations = (
				83CBBA201A601CBA00E9B192 /* Debug */,
				83CBBA211A601CBA00E9B192 /* Release */,
			);
			defaultConfigurationIsVisible = 0;
			defaultConfigurationName = Release;
		};
/* End XCConfigurationList section */
	};
	rootObject = 83CBB9F71A601CBA00E9B192 /* Project object */;
}
